
Microsoft Visual Studio Solution File, Format Version 12.00
# Visual Studio 15
VisualStudioVersion = 15.0.26124.0
MinimumVisualStudioVersion = 15.0.26124.0
Project("{2150E333-8FDC-42A3-9474-1A3956D46DE8}") = "src", "src", "{12E32A9A-FE45-4DF8-BD4B-93A7331481F3}"
EndProject
Project("{FAE04EC0-301F-11D3-BF4B-00C04F79EFBC}") = "LowestCommonAncestor", "src\LowestCommonAncestor\LowestCommonAncestor.csproj", "{BE548929-92C7-4A03-B8F5-321B507A233C}"
EndProject
Project("{2150E333-8FDC-42A3-9474-1A3956D46DE8}") = "test", "test", "{6980D465-441D-4925-A39F-D4438E8CB3EE}"
EndProject
Project("{FAE04EC0-301F-11D3-BF4B-00C04F79EFBC}") = "LowestCommonAncestor.UnitTests", "test\LowestCommonAncestor.UnitTests\LowestCommonAncestor.UnitTests.csproj", "{B7B5FF3C-A4FF-4811-A798-2D1EC5896B6A}"
EndProject
Global
	GlobalSection(SolutionConfigurationPlatforms) = preSolution
		Debug|Any CPU = Debug|Any CPU
		Debug|x64 = Debug|x64
		Debug|x86 = Debug|x86
		Release|Any CPU = Release|Any CPU
		Release|x64 = Release|x64
		Release|x86 = Release|x86
	EndGlobalSection
	GlobalSection(SolutionProperties) = preSolution
		HideSolutionNode = FALSE
	EndGlobalSection
	GlobalSection(ProjectConfigurationPlatforms) = postSolution
		{BE548929-92C7-4A03-B8F5-321B507A233C}.Debug|Any CPU.ActiveCfg = Debug|Any CPU
		{BE548929-92C7-4A03-B8F5-321B507A233C}.Debug|Any CPU.Build.0 = Debug|Any CPU
		{BE548929-92C7-4A03-B8F5-321B507A233C}.Debug|x64.ActiveCfg = Debug|Any CPU
		{BE548929-92C7-4A03-B8F5-321B507A233C}.Debug|x64.Build.0 = Debug|Any CPU
		{BE548929-92C7-4A03-B8F5-321B507A233C}.Debug|x86.ActiveCfg = Debug|Any CPU
		{BE548929-92C7-4A03-B8F5-321B507A233C}.Debug|x86.Build.0 = Debug|Any CPU
		{BE548929-92C7-4A03-B8F5-321B507A233C}.Release|Any CPU.ActiveCfg = Release|Any CPU
		{BE548929-92C7-4A03-B8F5-321B507A233C}.Release|Any CPU.Build.0 = Release|Any CPU
		{BE548929-92C7-4A03-B8F5-321B507A233C}.Release|x64.ActiveCfg = Release|Any CPU
		{BE548929-92C7-4A03-B8F5-321B507A233C}.Release|x64.Build.0 = Release|Any CPU
		{BE548929-92C7-4A03-B8F5-321B507A233C}.Release|x86.ActiveCfg = Release|Any CPU
		{BE548929-92C7-4A03-B8F5-321B507A233C}.Release|x86.Build.0 = Release|Any CPU
		{B7B5FF3C-A4FF-4811-A798-2D1EC5896B6A}.Debug|Any CPU.ActiveCfg = Debug|Any CPU
		{B7B5FF3C-A4FF-4811-A798-2D1EC5896B6A}.Debug|Any CPU.Build.0 = Debug|Any CPU
		{B7B5FF3C-A4FF-4811-A798-2D1EC5896B6A}.Debug|x64.ActiveCfg = Debug|Any CPU
		{B7B5FF3C-A4FF-4811-A798-2D1EC5896B6A}.Debug|x64.Build.0 = Debug|Any CPU
		{B7B5FF3C-A4FF-4811-A798-2D1EC5896B6A}.Debug|x86.ActiveCfg = Debug|Any CPU
		{B7B5FF3C-A4FF-4811-A798-2D1EC5896B6A}.Debug|x86.Build.0 = Debug|Any CPU
		{B7B5FF3C-A4FF-4811-A798-2D1EC5896B6A}.Release|Any CPU.ActiveCfg = Release|Any CPU
		{B7B5FF3C-A4FF-4811-A798-2D1EC5896B6A}.Release|Any CPU.Build.0 = Release|Any CPU
		{B7B5FF3C-A4FF-4811-A798-2D1EC5896B6A}.Release|x64.ActiveCfg = Release|Any CPU
		{B7B5FF3C-A4FF-4811-A798-2D1EC5896B6A}.Release|x64.Build.0 = Release|Any CPU
		{B7B5FF3C-A4FF-4811-A798-2D1EC5896B6A}.Release|x86.ActiveCfg = Release|Any CPU
		{B7B5FF3C-A4FF-4811-A798-2D1EC5896B6A}.Release|x86.Build.0 = Release|Any CPU
	EndGlobalSection
	GlobalSection(NestedProjects) = preSolution
		{BE548929-92C7-4A03-B8F5-321B507A233C} = {12E32A9A-FE45-4DF8-BD4B-93A7331481F3}
		{B7B5FF3C-A4FF-4811-A798-2D1EC5896B6A} = {6980D465-441D-4925-A39F-D4438E8CB3EE}
	EndGlobalSection
EndGlobal
